
Microsoft Visual Studio Solution File, Format Version 12.00
# Visual Studio 15
VisualStudioVersion = 15.0.26730.12
MinimumVisualStudioVersion = 10.0.40219.1
Project("{FAE04EC0-301F-11D3-BF4B-00C04F79EFBC}") = "Calculator", "Calculator\Calculator.csproj", "{A68F8435-77AC-4BB9-BBB8-52355A2B72DA}"
EndProject
Global
	GlobalSection(SolutionConfigurationPlatforms) = preSolution
		Debug|Any CPU = Debug|Any CPU
		Release|Any CPU = Release|Any CPU
	EndGlobalSection
	GlobalSection(ProjectConfigurationPlatforms) = postSolution
		{A68F8435-77AC-4BB9-BBB8-52355A2B72DA}.Debug|Any CPU.ActiveCfg = Debug|Any CPU
		{A68F8435-77AC-4BB9-BBB8-52355A2B72DA}.Debug|Any CPU.Build.0 = Debug|Any CPU
		{A68F8435-77AC-4BB9-BBB8-52355A2B72DA}.Release|Any CPU.ActiveCfg = Release|Any CPU
		{A68F8435-77AC-4BB9-BBB8-52355A2B72DA}.Release|Any CPU.Build.0 = Release|Any CPU
	EndGlobalSection
	GlobalSection(SolutionProperties) = preSolution
		HideSolutionNode = FALSE
	EndGlobalSection
	GlobalSection(ExtensibilityGlobals) = postSolution
		SolutionGuid = {1C53ABE5-80D6-444D-B7B6-907FAB2320D4}
	EndGlobalSection
EndGlobal
